// !$*UTF8*$!
{
	archiveVersion = 1;
	classes = {
	};
	objectVersion = 46;
	objects = {

/* Begin PBXBuildFile section */
		7523B43C1C409000000C843B /* PropertyResultType.swift in Sources */ = {isa = PBXBuildFile; fileRef = 7523B43B1C409000000C843B /* PropertyResultType.swift */; };
		752EEF0D1CF1290F006B86AD /* StatusEffects_Spec.swift in Sources */ = {isa = PBXBuildFile; fileRef = 752EEF0C1CF1290F006B86AD /* StatusEffects_Spec.swift */; };
		753D301C1CD6CF6A003D0013 /* Position.swift in Sources */ = {isa = PBXBuildFile; fileRef = 753D301A1CD6CF6A003D0013 /* Position.swift */; };
		753D301D1CD6CF6A003D0013 /* StatusEffect.swift in Sources */ = {isa = PBXBuildFile; fileRef = 753D301B1CD6CF6A003D0013 /* StatusEffect.swift */; };
		753D301F1CD6CF75003D0013 /* Cache.swift in Sources */ = {isa = PBXBuildFile; fileRef = 753D301E1CD6CF75003D0013 /* Cache.swift */; };
		75889B571CEEB4C70013DD39 /* Entity_spec.swift in Sources */ = {isa = PBXBuildFile; fileRef = 75889B561CEEB4C70013DD39 /* Entity_spec.swift */; };
		75889B581CEEB5E40013DD39 /* Stats_spec.swift in Sources */ = {isa = PBXBuildFile; fileRef = 753D30201CD6D6AB003D0013 /* Stats_spec.swift */; };
		758AAB1C1C39F6820019238C /* RPGTrunkDemo.h in Headers */ = {isa = PBXBuildFile; fileRef = 758AAB1B1C39F6820019238C /* RPGTrunkDemo.h */; settings = {ATTRIBUTES = (Public, ); }; };
		758AAB231C39F6820019238C /* RPTrunkDemo.framework in Frameworks */ = {isa = PBXBuildFile; fileRef = 758AAB191C39F6820019238C /* RPTrunkDemo.framework */; };
		758AAB281C39F6820019238C /* RPGTrunkDemoTests.swift in Sources */ = {isa = PBXBuildFile; fileRef = 758AAB271C39F6820019238C /* RPGTrunkDemoTests.swift */; };
		758AAB311C39F6980019238C /* Extensions.swift in Sources */ = {isa = PBXBuildFile; fileRef = 758AAB301C39F6980019238C /* Extensions.swift */; };
		758AAB321C39F7C90019238C /* Extensions.swift in Sources */ = {isa = PBXBuildFile; fileRef = 758AAB301C39F6980019238C /* Extensions.swift */; };
		75B181CB1CEEA9C0004C51B0 /* Parser.swift in Sources */ = {isa = PBXBuildFile; fileRef = 75B181C91CEEA9C0004C51B0 /* Parser.swift */; };
		75B181CC1CEEA9C0004C51B0 /* Operators.swift in Sources */ = {isa = PBXBuildFile; fileRef = 75B181CA1CEEA9C0004C51B0 /* Operators.swift */; };
		75B181CF1CEEA9EB004C51B0 /* ConflictResult.swift in Sources */ = {isa = PBXBuildFile; fileRef = 75B181CD1CEEA9EB004C51B0 /* ConflictResult.swift */; };
		75B181D01CEEA9EB004C51B0 /* Time.swift in Sources */ = {isa = PBXBuildFile; fileRef = 75B181CE1CEEA9EB004C51B0 /* Time.swift */; };
		75B181D31CEEAA01004C51B0 /* GameDelegate.swift in Sources */ = {isa = PBXBuildFile; fileRef = 75B181D11CEEAA01004C51B0 /* GameDelegate.swift */; };
		75B181D41CEEAA01004C51B0 /* GameEnvironment.swift in Sources */ = {isa = PBXBuildFile; fileRef = 75B181D21CEEAA01004C51B0 /* GameEnvironment.swift */; };
		75B6AD1A1CF2802200D9A818 /* TargetType.swift in Sources */ = {isa = PBXBuildFile; fileRef = 75B6AD191CF2802200D9A818 /* TargetType.swift */; };
		75B6AD2F1CF2AAF500D9A818 /* Identity.swift in Sources */ = {isa = PBXBuildFile; fileRef = 75B6AD2E1CF2AAF500D9A818 /* Identity.swift */; };
		75EE2C221C3865D100BF8437 /* RPG Trunk.h in Headers */ = {isa = PBXBuildFile; fileRef = 75EE2C211C3865D100BF8437 /* RPG Trunk.h */; settings = {ATTRIBUTES = (Public, ); }; };
		75EE2C291C3865D100BF8437 /* RPTrunk.framework in Frameworks */ = {isa = PBXBuildFile; fileRef = 75EE2C1E1C3865D100BF8437 /* RPTrunk.framework */; };
		75EE2C2E1C3865D100BF8437 /* Parser_Spec.swift in Sources */ = {isa = PBXBuildFile; fileRef = 75EE2C2D1C3865D100BF8437 /* Parser_Spec.swift */; };
		75EE2C391C3865F000BF8437 /* Core.swift in Sources */ = {isa = PBXBuildFile; fileRef = 75EE2C381C3865F000BF8437 /* Core.swift */; };
		75EE2C3F1C386E8700BF8437 /* Stats.swift in Sources */ = {isa = PBXBuildFile; fileRef = 75EE2C3E1C386E8700BF8437 /* Stats.swift */; };
		75EE2C411C386F1900BF8437 /* Equipment.swift in Sources */ = {isa = PBXBuildFile; fileRef = 75EE2C401C386F1900BF8437 /* Equipment.swift */; };
		75EE2C431C38702A00BF8437 /* Component.swift in Sources */ = {isa = PBXBuildFile; fileRef = 75EE2C421C38702A00BF8437 /* Component.swift */; };
		75EE2C451C38722600BF8437 /* Abilities.swift in Sources */ = {isa = PBXBuildFile; fileRef = 75EE2C441C38722600BF8437 /* Abilities.swift */; };
		75EE2C471C3874F000BF8437 /* Entity.swift in Sources */ = {isa = PBXBuildFile; fileRef = 75EE2C461C3874F000BF8437 /* Entity.swift */; };
		75EE2C491C38751A00BF8437 /* Battle.swift in Sources */ = {isa = PBXBuildFile; fileRef = 75EE2C481C38751A00BF8437 /* Battle.swift */; };
		75EE2C4B1C387B4800BF8437 /* Conditional.swift in Sources */ = {isa = PBXBuildFile; fileRef = 75EE2C4A1C387B4800BF8437 /* Conditional.swift */; };
		75EE2C511C389A7A00BF8437 /* Event.swift in Sources */ = {isa = PBXBuildFile; fileRef = 75EE2C501C389A7A00BF8437 /* Event.swift */; };
		B14DF2CE210B15E015F76364 /* Pods_RPTrunkTests.framework in Frameworks */ = {isa = PBXBuildFile; fileRef = 09BDDC29FCE2317C5D180FF5 /* Pods_RPTrunkTests.framework */; };
/* End PBXBuildFile section */

/* Begin PBXContainerItemProxy section */
		758AAB241C39F6820019238C /* PBXContainerItemProxy */ = {
			isa = PBXContainerItemProxy;
			containerPortal = 75EE2C151C3865D100BF8437 /* Project object */;
			proxyType = 1;
			remoteGlobalIDString = 758AAB181C39F6820019238C;
			remoteInfo = RPGTrunkDemo;
		};
		75EE2C2A1C3865D100BF8437 /* PBXContainerItemProxy */ = {
			isa = PBXContainerItemProxy;
			containerPortal = 75EE2C151C3865D100BF8437 /* Project object */;
			proxyType = 1;
			remoteGlobalIDString = 75EE2C1D1C3865D100BF8437;
			remoteInfo = "RPG Trunk";
		};
/* End PBXContainerItemProxy section */

/* Begin PBXFileReference section */
		09BDDC29FCE2317C5D180FF5 /* Pods_RPTrunkTests.framework */ = {isa = PBXFileReference; explicitFileType = wrapper.framework; includeInIndex = 0; path = Pods_RPTrunkTests.framework; sourceTree = BUILT_PRODUCTS_DIR; };
		54926B9C10AC9B7276A2A568 /* Pods-RPTrunkTests.release.xcconfig */ = {isa = PBXFileReference; includeInIndex = 1; lastKnownFileType = text.xcconfig; name = "Pods-RPTrunkTests.release.xcconfig"; path = "Pods/Target Support Files/Pods-RPTrunkTests/Pods-RPTrunkTests.release.xcconfig"; sourceTree = "<group>"; };
		6B63BCDD55427D42FF404632 /* Pods_RPG_TrunkTests.framework */ = {isa = PBXFileReference; explicitFileType = wrapper.framework; includeInIndex = 0; path = Pods_RPG_TrunkTests.framework; sourceTree = BUILT_PRODUCTS_DIR; };
		7523B43B1C409000000C843B /* PropertyResultType.swift */ = {isa = PBXFileReference; fileEncoding = 4; lastKnownFileType = sourcecode.swift; path = PropertyResultType.swift; sourceTree = "<group>"; };
		752EEF0C1CF1290F006B86AD /* StatusEffects_Spec.swift */ = {isa = PBXFileReference; fileEncoding = 4; lastKnownFileType = sourcecode.swift; path = StatusEffects_Spec.swift; sourceTree = "<group>"; };
		753D301A1CD6CF6A003D0013 /* Position.swift */ = {isa = PBXFileReference; fileEncoding = 4; lastKnownFileType = sourcecode.swift; path = Position.swift; sourceTree = "<group>"; };
		753D301B1CD6CF6A003D0013 /* StatusEffect.swift */ = {isa = PBXFileReference; fileEncoding = 4; lastKnownFileType = sourcecode.swift; path = StatusEffect.swift; sourceTree = "<group>"; };
		753D301E1CD6CF75003D0013 /* Cache.swift */ = {isa = PBXFileReference; fileEncoding = 4; lastKnownFileType = sourcecode.swift; path = Cache.swift; sourceTree = "<group>"; };
		753D30201CD6D6AB003D0013 /* Stats_spec.swift */ = {isa = PBXFileReference; fileEncoding = 4; lastKnownFileType = sourcecode.swift; path = Stats_spec.swift; sourceTree = "<group>"; };
		75889B561CEEB4C70013DD39 /* Entity_spec.swift */ = {isa = PBXFileReference; fileEncoding = 4; lastKnownFileType = sourcecode.swift; path = Entity_spec.swift; sourceTree = "<group>"; };
		758AAB191C39F6820019238C /* RPTrunkDemo.framework */ = {isa = PBXFileReference; explicitFileType = wrapper.framework; includeInIndex = 0; path = RPTrunkDemo.framework; sourceTree = BUILT_PRODUCTS_DIR; };
		758AAB1B1C39F6820019238C /* RPGTrunkDemo.h */ = {isa = PBXFileReference; lastKnownFileType = sourcecode.c.h; path = RPGTrunkDemo.h; sourceTree = "<group>"; };
		758AAB1D1C39F6820019238C /* Info.plist */ = {isa = PBXFileReference; lastKnownFileType = text.plist.xml; path = Info.plist; sourceTree = "<group>"; };
		758AAB221C39F6820019238C /* RPTrunkDemoTests.xctest */ = {isa = PBXFileReference; explicitFileType = wrapper.cfbundle; includeInIndex = 0; path = RPTrunkDemoTests.xctest; sourceTree = BUILT_PRODUCTS_DIR; };
		758AAB271C39F6820019238C /* RPGTrunkDemoTests.swift */ = {isa = PBXFileReference; lastKnownFileType = sourcecode.swift; path = RPGTrunkDemoTests.swift; sourceTree = "<group>"; };
		758AAB291C39F6820019238C /* Info.plist */ = {isa = PBXFileReference; lastKnownFileType = text.plist.xml; path = Info.plist; sourceTree = "<group>"; };
		758AAB301C39F6980019238C /* Extensions.swift */ = {isa = PBXFileReference; fileEncoding = 4; lastKnownFileType = sourcecode.swift; name = Extensions.swift; path = RPGTrunkDemoTests/Extensions.swift; sourceTree = SOURCE_ROOT; };
		75B181C91CEEA9C0004C51B0 /* Parser.swift */ = {isa = PBXFileReference; fileEncoding = 4; lastKnownFileType = sourcecode.swift; name = Parser.swift; path = "RPG Trunk/Logic/Parser/Parser.swift"; sourceTree = SOURCE_ROOT; };
		75B181CA1CEEA9C0004C51B0 /* Operators.swift */ = {isa = PBXFileReference; fileEncoding = 4; lastKnownFileType = sourcecode.swift; path = Operators.swift; sourceTree = "<group>"; };
		75B181CD1CEEA9EB004C51B0 /* ConflictResult.swift */ = {isa = PBXFileReference; fileEncoding = 4; lastKnownFileType = sourcecode.swift; path = ConflictResult.swift; sourceTree = "<group>"; };
		75B181CE1CEEA9EB004C51B0 /* Time.swift */ = {isa = PBXFileReference; fileEncoding = 4; lastKnownFileType = sourcecode.swift; path = Time.swift; sourceTree = "<group>"; };
		75B181D11CEEAA01004C51B0 /* GameDelegate.swift */ = {isa = PBXFileReference; fileEncoding = 4; lastKnownFileType = sourcecode.swift; path = GameDelegate.swift; sourceTree = "<group>"; };
		75B181D21CEEAA01004C51B0 /* GameEnvironment.swift */ = {isa = PBXFileReference; fileEncoding = 4; lastKnownFileType = sourcecode.swift; path = GameEnvironment.swift; sourceTree = "<group>"; };
		75B6AD191CF2802200D9A818 /* TargetType.swift */ = {isa = PBXFileReference; fileEncoding = 4; lastKnownFileType = sourcecode.swift; path = TargetType.swift; sourceTree = "<group>"; };
		75B6AD2E1CF2AAF500D9A818 /* Identity.swift */ = {isa = PBXFileReference; fileEncoding = 4; lastKnownFileType = sourcecode.swift; path = Identity.swift; sourceTree = "<group>"; };
		75C322871CB35F2D00441038 /* README.md */ = {isa = PBXFileReference; fileEncoding = 4; lastKnownFileType = net.daringfireball.markdown; path = README.md; sourceTree = "<group>"; };
		75EE2C1E1C3865D100BF8437 /* RPTrunk.framework */ = {isa = PBXFileReference; explicitFileType = wrapper.framework; includeInIndex = 0; path = RPTrunk.framework; sourceTree = BUILT_PRODUCTS_DIR; };
		75EE2C211C3865D100BF8437 /* RPG Trunk.h */ = {isa = PBXFileReference; lastKnownFileType = sourcecode.c.h; path = "RPG Trunk.h"; sourceTree = "<group>"; };
		75EE2C231C3865D100BF8437 /* Info.plist */ = {isa = PBXFileReference; lastKnownFileType = text.plist.xml; path = Info.plist; sourceTree = "<group>"; };
		75EE2C281C3865D100BF8437 /* RP TrunkTests.xctest */ = {isa = PBXFileReference; explicitFileType = wrapper.cfbundle; includeInIndex = 0; path = "RP TrunkTests.xctest"; sourceTree = BUILT_PRODUCTS_DIR; };
		75EE2C2D1C3865D100BF8437 /* Parser_Spec.swift */ = {isa = PBXFileReference; lastKnownFileType = sourcecode.swift; path = Parser_Spec.swift; sourceTree = "<group>"; };
		75EE2C2F1C3865D100BF8437 /* Info.plist */ = {isa = PBXFileReference; lastKnownFileType = text.plist.xml; path = Info.plist; sourceTree = "<group>"; };
		75EE2C381C3865F000BF8437 /* Core.swift */ = {isa = PBXFileReference; fileEncoding = 4; lastKnownFileType = sourcecode.swift; path = Core.swift; sourceTree = "<group>"; };
		75EE2C3E1C386E8700BF8437 /* Stats.swift */ = {isa = PBXFileReference; fileEncoding = 4; lastKnownFileType = sourcecode.swift; path = Stats.swift; sourceTree = "<group>"; };
		75EE2C401C386F1900BF8437 /* Equipment.swift */ = {isa = PBXFileReference; fileEncoding = 4; lastKnownFileType = sourcecode.swift; path = Equipment.swift; sourceTree = "<group>"; };
		75EE2C421C38702A00BF8437 /* Component.swift */ = {isa = PBXFileReference; fileEncoding = 4; lastKnownFileType = sourcecode.swift; path = Component.swift; sourceTree = "<group>"; };
		75EE2C441C38722600BF8437 /* Abilities.swift */ = {isa = PBXFileReference; fileEncoding = 4; lastKnownFileType = sourcecode.swift; path = Abilities.swift; sourceTree = "<group>"; };
		75EE2C461C3874F000BF8437 /* Entity.swift */ = {isa = PBXFileReference; fileEncoding = 4; lastKnownFileType = sourcecode.swift; path = Entity.swift; sourceTree = "<group>"; };
		75EE2C481C38751A00BF8437 /* Battle.swift */ = {isa = PBXFileReference; fileEncoding = 4; lastKnownFileType = sourcecode.swift; path = Battle.swift; sourceTree = "<group>"; };
		75EE2C4A1C387B4800BF8437 /* Conditional.swift */ = {isa = PBXFileReference; fileEncoding = 4; lastKnownFileType = sourcecode.swift; path = Conditional.swift; sourceTree = "<group>"; };
		75EE2C501C389A7A00BF8437 /* Event.swift */ = {isa = PBXFileReference; fileEncoding = 4; lastKnownFileType = sourcecode.swift; path = Event.swift; sourceTree = "<group>"; };
		9EB733BF536C3D0E59E874CB /* Pods-RPG TrunkTests.debug.xcconfig */ = {isa = PBXFileReference; includeInIndex = 1; lastKnownFileType = text.xcconfig; name = "Pods-RPG TrunkTests.debug.xcconfig"; path = "Pods/Target Support Files/Pods-RPG TrunkTests/Pods-RPG TrunkTests.debug.xcconfig"; sourceTree = "<group>"; };
		CEF4368BA6B0A41A7C03AA75 /* Pods-RPG TrunkTests.release.xcconfig */ = {isa = PBXFileReference; includeInIndex = 1; lastKnownFileType = text.xcconfig; name = "Pods-RPG TrunkTests.release.xcconfig"; path = "Pods/Target Support Files/Pods-RPG TrunkTests/Pods-RPG TrunkTests.release.xcconfig"; sourceTree = "<group>"; };
		D9EFF7B10931C955EFF3C1F9 /* Pods-RPTrunkTests.debug.xcconfig */ = {isa = PBXFileReference; includeInIndex = 1; lastKnownFileType = text.xcconfig; name = "Pods-RPTrunkTests.debug.xcconfig"; path = "Pods/Target Support Files/Pods-RPTrunkTests/Pods-RPTrunkTests.debug.xcconfig"; sourceTree = "<group>"; };
		E6818EFE9E8AD88236E6FD12 /* Pods_RP_TrunkTests.framework */ = {isa = PBXFileReference; explicitFileType = wrapper.framework; includeInIndex = 0; path = Pods_RP_TrunkTests.framework; sourceTree = BUILT_PRODUCTS_DIR; };
/* End PBXFileReference section */

/* Begin PBXFrameworksBuildPhase section */
		758AAB151C39F6820019238C /* Frameworks */ = {
			isa = PBXFrameworksBuildPhase;
			buildActionMask = 2147483647;
			files = (
			);
			runOnlyForDeploymentPostprocessing = 0;
		};
		758AAB1F1C39F6820019238C /* Frameworks */ = {
			isa = PBXFrameworksBuildPhase;
			buildActionMask = 2147483647;
			files = (
				758AAB231C39F6820019238C /* RPTrunkDemo.framework in Frameworks */,
			);
			runOnlyForDeploymentPostprocessing = 0;
		};
		75EE2C1A1C3865D100BF8437 /* Frameworks */ = {
			isa = PBXFrameworksBuildPhase;
			buildActionMask = 2147483647;
			files = (
			);
			runOnlyForDeploymentPostprocessing = 0;
		};
		75EE2C251C3865D100BF8437 /* Frameworks */ = {
			isa = PBXFrameworksBuildPhase;
			buildActionMask = 2147483647;
			files = (
				75EE2C291C3865D100BF8437 /* RPTrunk.framework in Frameworks */,
				B14DF2CE210B15E015F76364 /* Pods_RPTrunkTests.framework in Frameworks */,
			);
			runOnlyForDeploymentPostprocessing = 0;
		};
/* End PBXFrameworksBuildPhase section */

/* Begin PBXGroup section */
		7570CC9D1CB096C30019459E /* Default Game */ = {
			isa = PBXGroup;
			children = (
				75B181D11CEEAA01004C51B0 /* GameDelegate.swift */,
				75B181D21CEEAA01004C51B0 /* GameEnvironment.swift */,
			);
			path = "Default Game";
			sourceTree = "<group>";
		};
		758AAB1A1C39F6820019238C /* RPGTrunkDemo */ = {
			isa = PBXGroup;
			children = (
				758AAB301C39F6980019238C /* Extensions.swift */,
				758AAB1B1C39F6820019238C /* RPGTrunkDemo.h */,
				758AAB1D1C39F6820019238C /* Info.plist */,
			);
			path = RPGTrunkDemo;
			sourceTree = "<group>";
		};
		758AAB261C39F6820019238C /* RPGTrunkDemoTests */ = {
			isa = PBXGroup;
			children = (
				758AAB271C39F6820019238C /* RPGTrunkDemoTests.swift */,
				758AAB291C39F6820019238C /* Info.plist */,
			);
			path = RPGTrunkDemoTests;
			sourceTree = "<group>";
		};
		75A05B961C3A13EF000E97B2 /* Foundation */ = {
			isa = PBXGroup;
			children = (
				75EE2C441C38722600BF8437 /* Abilities.swift */,
				75EE2C481C38751A00BF8437 /* Battle.swift */,
				75EE2C421C38702A00BF8437 /* Component.swift */,
				75B181CD1CEEA9EB004C51B0 /* ConflictResult.swift */,
				75EE2C461C3874F000BF8437 /* Entity.swift */,
				75EE2C401C386F1900BF8437 /* Equipment.swift */,
				75EE2C501C389A7A00BF8437 /* Event.swift */,
				75B6AD2E1CF2AAF500D9A818 /* Identity.swift */,
				753D301A1CD6CF6A003D0013 /* Position.swift */,
				75EE2C3E1C386E8700BF8437 /* Stats.swift */,
				753D301B1CD6CF6A003D0013 /* StatusEffect.swift */,
				75B6AD191CF2802200D9A818 /* TargetType.swift */,
				75B181CE1CEEA9EB004C51B0 /* Time.swift */,
			);
			path = Foundation;
			sourceTree = "<group>";
		};
		75CD84EE1CF0D28200BC26EC /* Parser */ = {
			isa = PBXGroup;
			children = (
				75B181C91CEEA9C0004C51B0 /* Parser.swift */,
			);
			path = Parser;
			sourceTree = "<group>";
		};
		75EE2C141C3865D100BF8437 = {
			isa = PBXGroup;
			children = (
				75EE2C201C3865D100BF8437 /* RPTrunk */,
				75EE2C2C1C3865D100BF8437 /* RPTrunkTests */,
				758AAB1A1C39F6820019238C /* RPGTrunkDemo */,
				758AAB261C39F6820019238C /* RPGTrunkDemoTests */,
				75EE2C1F1C3865D100BF8437 /* Products */,
				7917C8A65B6845467910739B /* Pods */,
				93F7AF03A37F5E32A04C03A8 /* Frameworks */,
			);
			sourceTree = "<group>";
		};
		75EE2C1F1C3865D100BF8437 /* Products */ = {
			isa = PBXGroup;
			children = (
				75EE2C1E1C3865D100BF8437 /* RPTrunk.framework */,
				75EE2C281C3865D100BF8437 /* RP TrunkTests.xctest */,
				758AAB191C39F6820019238C /* RPTrunkDemo.framework */,
				758AAB221C39F6820019238C /* RPTrunkDemoTests.xctest */,
			);
			name = Products;
			sourceTree = "<group>";
		};
		75EE2C201C3865D100BF8437 /* RPTrunk */ = {
			isa = PBXGroup;
			children = (
				75EE2C381C3865F000BF8437 /* Core.swift */,
				753D301E1CD6CF75003D0013 /* Cache.swift */,
				75EE2C4C1C3899E100BF8437 /* Logic */,
				75A05B961C3A13EF000E97B2 /* Foundation */,
				7570CC9D1CB096C30019459E /* Default Game */,
				75EE2C211C3865D100BF8437 /* RPG Trunk.h */,
				75EE2C231C3865D100BF8437 /* Info.plist */,
				75C322871CB35F2D00441038 /* README.md */,
			);
			name = RPTrunk;
			path = "RPG Trunk";
			sourceTree = "<group>";
		};
		75EE2C2C1C3865D100BF8437 /* RPTrunkTests */ = {
			isa = PBXGroup;
			children = (
				75EE2C2F1C3865D100BF8437 /* Info.plist */,
				75EE2C2D1C3865D100BF8437 /* Parser_Spec.swift */,
				753D30201CD6D6AB003D0013 /* Stats_spec.swift */,
				75889B561CEEB4C70013DD39 /* Entity_spec.swift */,
				752EEF0C1CF1290F006B86AD /* StatusEffects_Spec.swift */,
			);
			name = RPTrunkTests;
			path = "RPG TrunkTests";
			sourceTree = "<group>";
		};
		75EE2C4C1C3899E100BF8437 /* Logic */ = {
			isa = PBXGroup;
			children = (
				75CD84EE1CF0D28200BC26EC /* Parser */,
				75B181CA1CEEA9C0004C51B0 /* Operators.swift */,
				7523B43B1C409000000C843B /* PropertyResultType.swift */,
				75EE2C4A1C387B4800BF8437 /* Conditional.swift */,
			);
			path = Logic;
			sourceTree = "<group>";
		};
		7917C8A65B6845467910739B /* Pods */ = {
			isa = PBXGroup;
			children = (
				9EB733BF536C3D0E59E874CB /* Pods-RPG TrunkTests.debug.xcconfig */,
				CEF4368BA6B0A41A7C03AA75 /* Pods-RPG TrunkTests.release.xcconfig */,
				D9EFF7B10931C955EFF3C1F9 /* Pods-RPTrunkTests.debug.xcconfig */,
				54926B9C10AC9B7276A2A568 /* Pods-RPTrunkTests.release.xcconfig */,
			);
			name = Pods;
			sourceTree = "<group>";
		};
		93F7AF03A37F5E32A04C03A8 /* Frameworks */ = {
			isa = PBXGroup;
			children = (
				6B63BCDD55427D42FF404632 /* Pods_RPG_TrunkTests.framework */,
				E6818EFE9E8AD88236E6FD12 /* Pods_RP_TrunkTests.framework */,
				09BDDC29FCE2317C5D180FF5 /* Pods_RPTrunkTests.framework */,
			);
			name = Frameworks;
			sourceTree = "<group>";
		};
/* End PBXGroup section */

/* Begin PBXHeadersBuildPhase section */
		758AAB161C39F6820019238C /* Headers */ = {
			isa = PBXHeadersBuildPhase;
			buildActionMask = 2147483647;
			files = (
				758AAB1C1C39F6820019238C /* RPGTrunkDemo.h in Headers */,
			);
			runOnlyForDeploymentPostprocessing = 0;
		};
		75EE2C1B1C3865D100BF8437 /* Headers */ = {
			isa = PBXHeadersBuildPhase;
			buildActionMask = 2147483647;
			files = (
				75EE2C221C3865D100BF8437 /* RPG Trunk.h in Headers */,
			);
			runOnlyForDeploymentPostprocessing = 0;
		};
/* End PBXHeadersBuildPhase section */

/* Begin PBXNativeTarget section */
		758AAB181C39F6820019238C /* RPTrunkDemo */ = {
			isa = PBXNativeTarget;
			buildConfigurationList = 758AAB2E1C39F6820019238C /* Build configuration list for PBXNativeTarget "RPTrunkDemo" */;
			buildPhases = (
				758AAB141C39F6820019238C /* Sources */,
				758AAB151C39F6820019238C /* Frameworks */,
				758AAB161C39F6820019238C /* Headers */,
				758AAB171C39F6820019238C /* Resources */,
			);
			buildRules = (
			);
			dependencies = (
			);
			name = RPTrunkDemo;
			productName = RPGTrunkDemo;
			productReference = 758AAB191C39F6820019238C /* RPTrunkDemo.framework */;
			productType = "com.apple.product-type.framework";
		};
		758AAB211C39F6820019238C /* RPTrunkDemoTests */ = {
			isa = PBXNativeTarget;
			buildConfigurationList = 758AAB2F1C39F6820019238C /* Build configuration list for PBXNativeTarget "RPTrunkDemoTests" */;
			buildPhases = (
				758AAB1E1C39F6820019238C /* Sources */,
				758AAB1F1C39F6820019238C /* Frameworks */,
				758AAB201C39F6820019238C /* Resources */,
			);
			buildRules = (
			);
			dependencies = (
				758AAB251C39F6820019238C /* PBXTargetDependency */,
			);
			name = RPTrunkDemoTests;
			productName = RPGTrunkDemoTests;
			productReference = 758AAB221C39F6820019238C /* RPTrunkDemoTests.xctest */;
			productType = "com.apple.product-type.bundle.unit-test";
		};
		75EE2C1D1C3865D100BF8437 /* RPTrunk */ = {
			isa = PBXNativeTarget;
			buildConfigurationList = 75EE2C321C3865D100BF8437 /* Build configuration list for PBXNativeTarget "RPTrunk" */;
			buildPhases = (
				75EE2C191C3865D100BF8437 /* Sources */,
				75EE2C1A1C3865D100BF8437 /* Frameworks */,
				75EE2C1B1C3865D100BF8437 /* Headers */,
				75EE2C1C1C3865D100BF8437 /* Resources */,
			);
			buildRules = (
			);
			dependencies = (
			);
			name = RPTrunk;
			productName = "RPG Trunk";
			productReference = 75EE2C1E1C3865D100BF8437 /* RPTrunk.framework */;
			productType = "com.apple.product-type.framework";
		};
		75EE2C271C3865D100BF8437 /* RPTrunkTests */ = {
			isa = PBXNativeTarget;
			buildConfigurationList = 75EE2C351C3865D100BF8437 /* Build configuration list for PBXNativeTarget "RPTrunkTests" */;
			buildPhases = (
				5822DA9EE75B2BA869E35F93 /* Check Pods Manifest.lock */,
				75EE2C241C3865D100BF8437 /* Sources */,
				75EE2C251C3865D100BF8437 /* Frameworks */,
				75EE2C261C3865D100BF8437 /* Resources */,
				E802CAA735DCD9922C33CDB7 /* Embed Pods Frameworks */,
				CA5D3179108001E668D0BB7F /* Copy Pods Resources */,
			);
			buildRules = (
			);
			dependencies = (
				75EE2C2B1C3865D100BF8437 /* PBXTargetDependency */,
			);
			name = RPTrunkTests;
			productName = "RPG TrunkTests";
			productReference = 75EE2C281C3865D100BF8437 /* RP TrunkTests.xctest */;
			productType = "com.apple.product-type.bundle.unit-test";
		};
/* End PBXNativeTarget section */

/* Begin PBXProject section */
		75EE2C151C3865D100BF8437 /* Project object */ = {
			isa = PBXProject;
			attributes = {
				LastSwiftUpdateCheck = 0720;
				LastUpgradeCheck = 0720;
				ORGANIZATIONNAME = "Kyle Newsome";
				TargetAttributes = {
					758AAB181C39F6820019238C = {
						CreatedOnToolsVersion = 7.2;
					};
					758AAB211C39F6820019238C = {
						CreatedOnToolsVersion = 7.2;
					};
					75EE2C1D1C3865D100BF8437 = {
						CreatedOnToolsVersion = 7.2;
					};
					75EE2C271C3865D100BF8437 = {
						CreatedOnToolsVersion = 7.2;
					};
				};
			};
			buildConfigurationList = 75EE2C181C3865D100BF8437 /* Build configuration list for PBXProject "RP Trunk" */;
			compatibilityVersion = "Xcode 3.2";
			developmentRegion = English;
			hasScannedForEncodings = 0;
			knownRegions = (
				en,
			);
			mainGroup = 75EE2C141C3865D100BF8437;
			productRefGroup = 75EE2C1F1C3865D100BF8437 /* Products */;
			projectDirPath = "";
			projectRoot = "";
			targets = (
				75EE2C1D1C3865D100BF8437 /* RPTrunk */,
				75EE2C271C3865D100BF8437 /* RPTrunkTests */,
				758AAB181C39F6820019238C /* RPTrunkDemo */,
				758AAB211C39F6820019238C /* RPTrunkDemoTests */,
			);
		};
/* End PBXProject section */

/* Begin PBXResourcesBuildPhase section */
		758AAB171C39F6820019238C /* Resources */ = {
			isa = PBXResourcesBuildPhase;
			buildActionMask = 2147483647;
			files = (
			);
			runOnlyForDeploymentPostprocessing = 0;
		};
		758AAB201C39F6820019238C /* Resources */ = {
			isa = PBXResourcesBuildPhase;
			buildActionMask = 2147483647;
			files = (
			);
			runOnlyForDeploymentPostprocessing = 0;
		};
		75EE2C1C1C3865D100BF8437 /* Resources */ = {
			isa = PBXResourcesBuildPhase;
			buildActionMask = 2147483647;
			files = (
			);
			runOnlyForDeploymentPostprocessing = 0;
		};
		75EE2C261C3865D100BF8437 /* Resources */ = {
			isa = PBXResourcesBuildPhase;
			buildActionMask = 2147483647;
			files = (
			);
			runOnlyForDeploymentPostprocessing = 0;
		};
/* End PBXResourcesBuildPhase section */

/* Begin PBXShellScriptBuildPhase section */
		5822DA9EE75B2BA869E35F93 /* Check Pods Manifest.lock */ = {
			isa = PBXShellScriptBuildPhase;
			buildActionMask = 2147483647;
			files = (
			);
			inputPaths = (
			);
			name = "Check Pods Manifest.lock";
			outputPaths = (
			);
			runOnlyForDeploymentPostprocessing = 0;
			shellPath = /bin/sh;
			shellScript = "diff \"${PODS_ROOT}/../Podfile.lock\" \"${PODS_ROOT}/Manifest.lock\" > /dev/null\nif [[ $? != 0 ]] ; then\n    cat << EOM\nerror: The sandbox is not in sync with the Podfile.lock. Run 'pod install' or update your CocoaPods installation.\nEOM\n    exit 1\nfi\n";
			showEnvVarsInLog = 0;
		};
		CA5D3179108001E668D0BB7F /* Copy Pods Resources */ = {
			isa = PBXShellScriptBuildPhase;
			buildActionMask = 2147483647;
			files = (
			);
			inputPaths = (
			);
			name = "Copy Pods Resources";
			outputPaths = (
			);
			runOnlyForDeploymentPostprocessing = 0;
			shellPath = /bin/sh;
			shellScript = "\"${SRCROOT}/Pods/Target Support Files/Pods-RPTrunkTests/Pods-RPTrunkTests-resources.sh\"\n";
			showEnvVarsInLog = 0;
		};
		E802CAA735DCD9922C33CDB7 /* Embed Pods Frameworks */ = {
			isa = PBXShellScriptBuildPhase;
			buildActionMask = 2147483647;
			files = (
			);
			inputPaths = (
			);
			name = "Embed Pods Frameworks";
			outputPaths = (
			);
			runOnlyForDeploymentPostprocessing = 0;
			shellPath = /bin/sh;
			shellScript = "\"${SRCROOT}/Pods/Target Support Files/Pods-RPTrunkTests/Pods-RPTrunkTests-frameworks.sh\"\n";
			showEnvVarsInLog = 0;
		};
/* End PBXShellScriptBuildPhase section */

/* Begin PBXSourcesBuildPhase section */
		758AAB141C39F6820019238C /* Sources */ = {
			isa = PBXSourcesBuildPhase;
			buildActionMask = 2147483647;
			files = (
				758AAB321C39F7C90019238C /* Extensions.swift in Sources */,
			);
			runOnlyForDeploymentPostprocessing = 0;
		};
		758AAB1E1C39F6820019238C /* Sources */ = {
			isa = PBXSourcesBuildPhase;
			buildActionMask = 2147483647;
			files = (
				758AAB281C39F6820019238C /* RPGTrunkDemoTests.swift in Sources */,
				758AAB311C39F6980019238C /* Extensions.swift in Sources */,
			);
			runOnlyForDeploymentPostprocessing = 0;
		};
		75EE2C191C3865D100BF8437 /* Sources */ = {
			isa = PBXSourcesBuildPhase;
			buildActionMask = 2147483647;
			files = (
				75EE2C391C3865F000BF8437 /* Core.swift in Sources */,
				75EE2C511C389A7A00BF8437 /* Event.swift in Sources */,
				75EE2C4B1C387B4800BF8437 /* Conditional.swift in Sources */,
				75EE2C3F1C386E8700BF8437 /* Stats.swift in Sources */,
				75B181CC1CEEA9C0004C51B0 /* Operators.swift in Sources */,
				75B6AD1A1CF2802200D9A818 /* TargetType.swift in Sources */,
				753D301F1CD6CF75003D0013 /* Cache.swift in Sources */,
				75B181D01CEEA9EB004C51B0 /* Time.swift in Sources */,
				75B181D31CEEAA01004C51B0 /* GameDelegate.swift in Sources */,
				75EE2C471C3874F000BF8437 /* Entity.swift in Sources */,
				753D301D1CD6CF6A003D0013 /* StatusEffect.swift in Sources */,
				7523B43C1C409000000C843B /* PropertyResultType.swift in Sources */,
				75EE2C491C38751A00BF8437 /* Battle.swift in Sources */,
				75B6AD2F1CF2AAF500D9A818 /* Identity.swift in Sources */,
				75EE2C451C38722600BF8437 /* Abilities.swift in Sources */,
				75B181D41CEEAA01004C51B0 /* GameEnvironment.swift in Sources */,
				75B181CB1CEEA9C0004C51B0 /* Parser.swift in Sources */,
				75B181CF1CEEA9EB004C51B0 /* ConflictResult.swift in Sources */,
				75EE2C411C386F1900BF8437 /* Equipment.swift in Sources */,
				753D301C1CD6CF6A003D0013 /* Position.swift in Sources */,
				75EE2C431C38702A00BF8437 /* Component.swift in Sources */,
			);
			runOnlyForDeploymentPostprocessing = 0;
		};
		75EE2C241C3865D100BF8437 /* Sources */ = {
			isa = PBXSourcesBuildPhase;
			buildActionMask = 2147483647;
			files = (
				75889B581CEEB5E40013DD39 /* Stats_spec.swift in Sources */,
				752EEF0D1CF1290F006B86AD /* StatusEffects_Spec.swift in Sources */,
				75EE2C2E1C3865D100BF8437 /* Parser_Spec.swift in Sources */,
				75889B571CEEB4C70013DD39 /* Entity_spec.swift in Sources */,
			);
			runOnlyForDeploymentPostprocessing = 0;
		};
/* End PBXSourcesBuildPhase section */

/* Begin PBXTargetDependency section */
		758AAB251C39F6820019238C /* PBXTargetDependency */ = {
			isa = PBXTargetDependency;
			target = 758AAB181C39F6820019238C /* RPTrunkDemo */;
			targetProxy = 758AAB241C39F6820019238C /* PBXContainerItemProxy */;
		};
		75EE2C2B1C3865D100BF8437 /* PBXTargetDependency */ = {
			isa = PBXTargetDependency;
			target = 75EE2C1D1C3865D100BF8437 /* RPTrunk */;
			targetProxy = 75EE2C2A1C3865D100BF8437 /* PBXContainerItemProxy */;
		};
/* End PBXTargetDependency section */

/* Begin XCBuildConfiguration section */
		758AAB2A1C39F6820019238C /* Debug */ = {
			isa = XCBuildConfiguration;
			buildSettings = {
				DEFINES_MODULE = YES;
				DYLIB_COMPATIBILITY_VERSION = 1;
				DYLIB_CURRENT_VERSION = 1;
				DYLIB_INSTALL_NAME_BASE = "@rpath";
				INFOPLIST_FILE = RPGTrunkDemo/Info.plist;
				INSTALL_PATH = "$(LOCAL_LIBRARY_DIR)/Frameworks";
				LD_RUNPATH_SEARCH_PATHS = "$(inherited) @executable_path/Frameworks @loader_path/Frameworks";
				PRODUCT_BUNDLE_IDENTIFIER = ca.bitwit.RPGTrunkDemo;
				PRODUCT_NAME = "$(TARGET_NAME)";
				SKIP_INSTALL = YES;
			};
			name = Debug;
		};
		758AAB2B1C39F6820019238C /* Release */ = {
			isa = XCBuildConfiguration;
			buildSettings = {
				DEFINES_MODULE = YES;
				DYLIB_COMPATIBILITY_VERSION = 1;
				DYLIB_CURRENT_VERSION = 1;
				DYLIB_INSTALL_NAME_BASE = "@rpath";
				INFOPLIST_FILE = RPGTrunkDemo/Info.plist;
				INSTALL_PATH = "$(LOCAL_LIBRARY_DIR)/Frameworks";
				LD_RUNPATH_SEARCH_PATHS = "$(inherited) @executable_path/Frameworks @loader_path/Frameworks";
				PRODUCT_BUNDLE_IDENTIFIER = ca.bitwit.RPGTrunkDemo;
				PRODUCT_NAME = "$(TARGET_NAME)";
				SKIP_INSTALL = YES;
			};
			name = Release;
		};
		758AAB2C1C39F6820019238C /* Debug */ = {
			isa = XCBuildConfiguration;
			buildSettings = {
				INFOPLIST_FILE = RPGTrunkDemoTests/Info.plist;
				LD_RUNPATH_SEARCH_PATHS = "$(inherited) @executable_path/Frameworks @loader_path/Frameworks";
				PRODUCT_BUNDLE_IDENTIFIER = ca.bitwit.RPGTrunkDemoTests;
				PRODUCT_NAME = "$(TARGET_NAME)";
			};
			name = Debug;
		};
		758AAB2D1C39F6820019238C /* Release */ = {
			isa = XCBuildConfiguration;
			buildSettings = {
				INFOPLIST_FILE = RPGTrunkDemoTests/Info.plist;
				LD_RUNPATH_SEARCH_PATHS = "$(inherited) @executable_path/Frameworks @loader_path/Frameworks";
				PRODUCT_BUNDLE_IDENTIFIER = ca.bitwit.RPGTrunkDemoTests;
				PRODUCT_NAME = "$(TARGET_NAME)";
			};
			name = Release;
		};
		75EE2C301C3865D100BF8437 /* Debug */ = {
			isa = XCBuildConfiguration;
			buildSettings = {
				ALWAYS_SEARCH_USER_PATHS = NO;
				CLANG_CXX_LANGUAGE_STANDARD = "gnu++0x";
				CLANG_CXX_LIBRARY = "libc++";
				CLANG_ENABLE_MODULES = YES;
				CLANG_ENABLE_OBJC_ARC = YES;
				CLANG_WARN_BOOL_CONVERSION = YES;
				CLANG_WARN_CONSTANT_CONVERSION = YES;
				CLANG_WARN_DIRECT_OBJC_ISA_USAGE = YES_ERROR;
				CLANG_WARN_EMPTY_BODY = YES;
				CLANG_WARN_ENUM_CONVERSION = YES;
				CLANG_WARN_INT_CONVERSION = YES;
				CLANG_WARN_OBJC_ROOT_CLASS = YES_ERROR;
				CLANG_WARN_UNREACHABLE_CODE = YES;
				CLANG_WARN__DUPLICATE_METHOD_MATCH = YES;
				"CODE_SIGN_IDENTITY[sdk=iphoneos*]" = "iPhone Developer";
				COPY_PHASE_STRIP = NO;
				CURRENT_PROJECT_VERSION = 1;
				DEBUG_INFORMATION_FORMAT = dwarf;
				ENABLE_STRICT_OBJC_MSGSEND = YES;
				ENABLE_TESTABILITY = YES;
				GCC_C_LANGUAGE_STANDARD = gnu99;
				GCC_DYNAMIC_NO_PIC = NO;
				GCC_NO_COMMON_BLOCKS = YES;
				GCC_OPTIMIZATION_LEVEL = 0;
				GCC_PREPROCESSOR_DEFINITIONS = (
					"DEBUG=1",
					"$(inherited)",
				);
				GCC_WARN_64_TO_32_BIT_CONVERSION = YES;
				GCC_WARN_ABOUT_RETURN_TYPE = YES_ERROR;
				GCC_WARN_UNDECLARED_SELECTOR = YES;
				GCC_WARN_UNINITIALIZED_AUTOS = YES_AGGRESSIVE;
				GCC_WARN_UNUSED_FUNCTION = YES;
				GCC_WARN_UNUSED_VARIABLE = YES;
				IPHONEOS_DEPLOYMENT_TARGET = 9.2;
				MTL_ENABLE_DEBUG_INFO = YES;
				ONLY_ACTIVE_ARCH = YES;
				SDKROOT = iphoneos;
				SWIFT_OPTIMIZATION_LEVEL = "-Onone";
				TARGETED_DEVICE_FAMILY = "1,2";
				VERSIONING_SYSTEM = "apple-generic";
				VERSION_INFO_PREFIX = "";
			};
			name = Debug;
		};
		75EE2C311C3865D100BF8437 /* Release */ = {
			isa = XCBuildConfiguration;
			buildSettings = {
				ALWAYS_SEARCH_USER_PATHS = NO;
				CLANG_CXX_LANGUAGE_STANDARD = "gnu++0x";
				CLANG_CXX_LIBRARY = "libc++";
				CLANG_ENABLE_MODULES = YES;
				CLANG_ENABLE_OBJC_ARC = YES;
				CLANG_WARN_BOOL_CONVERSION = YES;
				CLANG_WARN_CONSTANT_CONVERSION = YES;
				CLANG_WARN_DIRECT_OBJC_ISA_USAGE = YES_ERROR;
				CLANG_WARN_EMPTY_BODY = YES;
				CLANG_WARN_ENUM_CONVERSION = YES;
				CLANG_WARN_INT_CONVERSION = YES;
				CLANG_WARN_OBJC_ROOT_CLASS = YES_ERROR;
				CLANG_WARN_UNREACHABLE_CODE = YES;
				CLANG_WARN__DUPLICATE_METHOD_MATCH = YES;
				"CODE_SIGN_IDENTITY[sdk=iphoneos*]" = "iPhone Developer";
				COPY_PHASE_STRIP = NO;
				CURRENT_PROJECT_VERSION = 1;
				DEBUG_INFORMATION_FORMAT = "dwarf-with-dsym";
				ENABLE_NS_ASSERTIONS = NO;
				ENABLE_STRICT_OBJC_MSGSEND = YES;
				GCC_C_LANGUAGE_STANDARD = gnu99;
				GCC_NO_COMMON_BLOCKS = YES;
				GCC_WARN_64_TO_32_BIT_CONVERSION = YES;
				GCC_WARN_ABOUT_RETURN_TYPE = YES_ERROR;
				GCC_WARN_UNDECLARED_SELECTOR = YES;
				GCC_WARN_UNINITIALIZED_AUTOS = YES_AGGRESSIVE;
				GCC_WARN_UNUSED_FUNCTION = YES;
				GCC_WARN_UNUSED_VARIABLE = YES;
				IPHONEOS_DEPLOYMENT_TARGET = 9.2;
				MTL_ENABLE_DEBUG_INFO = NO;
				SDKROOT = iphoneos;
				TARGETED_DEVICE_FAMILY = "1,2";
				VALIDATE_PRODUCT = YES;
				VERSIONING_SYSTEM = "apple-generic";
				VERSION_INFO_PREFIX = "";
			};
			name = Release;
		};
		75EE2C331C3865D100BF8437 /* Debug */ = {
			isa = XCBuildConfiguration;
			buildSettings = {
				CLANG_ENABLE_MODULES = YES;
				DEFINES_MODULE = YES;
				DYLIB_COMPATIBILITY_VERSION = 1;
				DYLIB_CURRENT_VERSION = 1;
				DYLIB_INSTALL_NAME_BASE = "@rpath";
				INFOPLIST_FILE = "RPG Trunk/Info.plist";
				INSTALL_PATH = "$(LOCAL_LIBRARY_DIR)/Frameworks";
				LD_RUNPATH_SEARCH_PATHS = "$(inherited) @executable_path/Frameworks @loader_path/Frameworks";
				PRODUCT_BUNDLE_IDENTIFIER = ca.bitwit.RPTrunk;
				PRODUCT_NAME = "$(TARGET_NAME)";
				SKIP_INSTALL = YES;
				SWIFT_OPTIMIZATION_LEVEL = "-Onone";
			};
			name = Debug;
		};
		75EE2C341C3865D100BF8437 /* Release */ = {
			isa = XCBuildConfiguration;
			buildSettings = {
				CLANG_ENABLE_MODULES = YES;
				DEFINES_MODULE = YES;
				DYLIB_COMPATIBILITY_VERSION = 1;
				DYLIB_CURRENT_VERSION = 1;
				DYLIB_INSTALL_NAME_BASE = "@rpath";
				INFOPLIST_FILE = "RPG Trunk/Info.plist";
				INSTALL_PATH = "$(LOCAL_LIBRARY_DIR)/Frameworks";
				LD_RUNPATH_SEARCH_PATHS = "$(inherited) @executable_path/Frameworks @loader_path/Frameworks";
				PRODUCT_BUNDLE_IDENTIFIER = ca.bitwit.RPTrunk;
				PRODUCT_NAME = "$(TARGET_NAME)";
				SKIP_INSTALL = YES;
			};
			name = Release;
		};
		75EE2C361C3865D100BF8437 /* Debug */ = {
			isa = XCBuildConfiguration;
			baseConfigurationReference = D9EFF7B10931C955EFF3C1F9 /* Pods-RPTrunkTests.debug.xcconfig */;
			buildSettings = {
				INFOPLIST_FILE = "RPG TrunkTests/Info.plist";
				LD_RUNPATH_SEARCH_PATHS = "$(inherited) @executable_path/Frameworks @loader_path/Frameworks";
				PRODUCT_BUNDLE_IDENTIFIER = "ca.bitwit.RPG-TrunkTests";
				PRODUCT_NAME = "RP TrunkTests";
			};
			name = Debug;
		};
		75EE2C371C3865D100BF8437 /* Release */ = {
			isa = XCBuildConfiguration;
			baseConfigurationReference = 54926B9C10AC9B7276A2A568 /* Pods-RPTrunkTests.release.xcconfig */;
			buildSettings = {
				INFOPLIST_FILE = "RPG TrunkTests/Info.plist";
				LD_RUNPATH_SEARCH_PATHS = "$(inherited) @executable_path/Frameworks @loader_path/Frameworks";
				PRODUCT_BUNDLE_IDENTIFIER = "ca.bitwit.RPG-TrunkTests";
				PRODUCT_NAME = "RP TrunkTests";
			};
			name = Release;
		};
/* End XCBuildConfiguration section */

/* Begin XCConfigurationList section */
		758AAB2E1C39F6820019238C /* Build configuration list for PBXNativeTarget "RPTrunkDemo" */ = {
			isa = XCConfigurationList;
			buildConfigurations = (
				758AAB2A1C39F6820019238C /* Debug */,
				758AAB2B1C39F6820019238C /* Release */,
			);
			defaultConfigurationIsVisible = 0;
			defaultConfigurationName = Release;
		};
		758AAB2F1C39F6820019238C /* Build configuration list for PBXNativeTarget "RPTrunkDemoTests" */ = {
			isa = XCConfigurationList;
			buildConfigurations = (
				758AAB2C1C39F6820019238C /* Debug */,
				758AAB2D1C39F6820019238C /* Release */,
			);
			defaultConfigurationIsVisible = 0;
			defaultConfigurationName = Release;
		};
		75EE2C181C3865D100BF8437 /* Build configuration list for PBXProject "RP Trunk" */ = {
			isa = XCConfigurationList;
			buildConfigurations = (
				75EE2C301C3865D100BF8437 /* Debug */,
				75EE2C311C3865D100BF8437 /* Release */,
			);
			defaultConfigurationIsVisible = 0;
			defaultConfigurationName = Release;
		};
		75EE2C321C3865D100BF8437 /* Build configuration list for PBXNativeTarget "RPTrunk" */ = {
			isa = XCConfigurationList;
			buildConfigurations = (
				75EE2C331C3865D100BF8437 /* Debug */,
				75EE2C341C3865D100BF8437 /* Release */,
			);
			defaultConfigurationIsVisible = 0;
			defaultConfigurationName = Release;
		};
		75EE2C351C3865D100BF8437 /* Build configuration list for PBXNativeTarget "RPTrunkTests" */ = {
			isa = XCConfigurationList;
			buildConfigurations = (
				75EE2C361C3865D100BF8437 /* Debug */,
				75EE2C371C3865D100BF8437 /* Release */,
			);
			defaultConfigurationIsVisible = 0;
			defaultConfigurationName = Release;
		};
/* End XCConfigurationList section */
	};
	rootObject = 75EE2C151C3865D100BF8437 /* Project object */;
}
